
Microsoft Visual Studio Solution File, Format Version 12.00
# Visual Studio Version 17
VisualStudioVersion = 17.7.34024.191
MinimumVisualStudioVersion = 10.0.40219.1
Project("{9A19103F-16F7-4668-BE54-9A1E7A4F7556}") = "EmployeeService", "EmployeeService\EmployeeService.csproj", "{32FBCE20-8241-41B9-B1E5-639B21AD9CE9}"
EndProject
Project("{9A19103F-16F7-4668-BE54-9A1E7A4F7556}") = "EmployeeService.DAL", "EmployeeService.DAL\EmployeeService.DAL.csproj", "{A4F00836-4432-4EB0-A751-681F4EE94759}"
EndProject
Project("{9A19103F-16F7-4668-BE54-9A1E7A4F7556}") = "ExchangeRateService.DAL", "ExchangeRateService.DAL\ExchangeRateService.DAL.csproj", "{4F9DFCA6-55DA-4C8B-8AED-6FB183ECC8AB}"
EndProject
Project("{9A19103F-16F7-4668-BE54-9A1E7A4F7556}") = "ExchangeRateService", "ExchangeRateService\ExchangeRateService.csproj", "{5FD8CB49-E221-42D2-BDDF-5E11FAE61F22}"
EndProject
Project("{9A19103F-16F7-4668-BE54-9A1E7A4F7556}") = "ReportService.Structures", "ReportService.Structures\ReportService.Structures.csproj", "{EDF7E67C-E4D0-4B7E-9FED-5085E5F9CCC1}"
EndProject
Project("{9A19103F-16F7-4668-BE54-9A1E7A4F7556}") = "ReportService", "ReportService\ReportService.csproj", "{C8734CC3-BA28-4113-AE1B-13F46203AE93}"
EndProject
Project("{9A19103F-16F7-4668-BE54-9A1E7A4F7556}") = "ExchangeRateService.UI", "ExchangeRateService.UI\ExchangeRateService.UI.csproj", "{5BB41CC3-183E-4EF7-83B4-02FA292C32D8}"
EndProject
Project("{FAE04EC0-301F-11D3-BF4B-00C04F79EFBC}") = "ReportService.Web", "ReportService.Web\ReportService.Web.csproj", "{DD945862-1F23-4A0B-A13A-2A23A808D1A9}"
EndProject
Global
	GlobalSection(SolutionConfigurationPlatforms) = preSolution
		Debug|Any CPU = Debug|Any CPU
		Release|Any CPU = Release|Any CPU
	EndGlobalSection
	GlobalSection(ProjectConfigurationPlatforms) = postSolution
		{32FBCE20-8241-41B9-B1E5-639B21AD9CE9}.Debug|Any CPU.ActiveCfg = Debug|Any CPU
		{32FBCE20-8241-41B9-B1E5-639B21AD9CE9}.Debug|Any CPU.Build.0 = Debug|Any CPU
		{32FBCE20-8241-41B9-B1E5-639B21AD9CE9}.Release|Any CPU.ActiveCfg = Release|Any CPU
		{32FBCE20-8241-41B9-B1E5-639B21AD9CE9}.Release|Any CPU.Build.0 = Release|Any CPU
		{A4F00836-4432-4EB0-A751-681F4EE94759}.Debug|Any CPU.ActiveCfg = Debug|Any CPU
		{A4F00836-4432-4EB0-A751-681F4EE94759}.Debug|Any CPU.Build.0 = Debug|Any CPU
		{A4F00836-4432-4EB0-A751-681F4EE94759}.Release|Any CPU.ActiveCfg = Release|Any CPU
		{A4F00836-4432-4EB0-A751-681F4EE94759}.Release|Any CPU.Build.0 = Release|Any CPU
		{4F9DFCA6-55DA-4C8B-8AED-6FB183ECC8AB}.Debug|Any CPU.ActiveCfg = Debug|Any CPU
		{4F9DFCA6-55DA-4C8B-8AED-6FB183ECC8AB}.Debug|Any CPU.Build.0 = Debug|Any CPU
		{4F9DFCA6-55DA-4C8B-8AED-6FB183ECC8AB}.Release|Any CPU.ActiveCfg = Release|Any CPU
		{4F9DFCA6-55DA-4C8B-8AED-6FB183ECC8AB}.Release|Any CPU.Build.0 = Release|Any CPU
		{5FD8CB49-E221-42D2-BDDF-5E11FAE61F22}.Debug|Any CPU.ActiveCfg = Debug|Any CPU
		{5FD8CB49-E221-42D2-BDDF-5E11FAE61F22}.Debug|Any CPU.Build.0 = Debug|Any CPU
		{5FD8CB49-E221-42D2-BDDF-5E11FAE61F22}.Release|Any CPU.ActiveCfg = Release|Any CPU
		{5FD8CB49-E221-42D2-BDDF-5E11FAE61F22}.Release|Any CPU.Build.0 = Release|Any CPU
		{EDF7E67C-E4D0-4B7E-9FED-5085E5F9CCC1}.Debug|Any CPU.ActiveCfg = Debug|Any CPU
		{EDF7E67C-E4D0-4B7E-9FED-5085E5F9CCC1}.Debug|Any CPU.Build.0 = Debug|Any CPU
		{EDF7E67C-E4D0-4B7E-9FED-5085E5F9CCC1}.Release|Any CPU.ActiveCfg = Release|Any CPU
		{EDF7E67C-E4D0-4B7E-9FED-5085E5F9CCC1}.Release|Any CPU.Build.0 = Release|Any CPU
		{C8734CC3-BA28-4113-AE1B-13F46203AE93}.Debug|Any CPU.ActiveCfg = Debug|Any CPU
		{C8734CC3-BA28-4113-AE1B-13F46203AE93}.Debug|Any CPU.Build.0 = Debug|Any CPU
		{C8734CC3-BA28-4113-AE1B-13F46203AE93}.Release|Any CPU.ActiveCfg = Release|Any CPU
		{C8734CC3-BA28-4113-AE1B-13F46203AE93}.Release|Any CPU.Build.0 = Release|Any CPU
		{5BB41CC3-183E-4EF7-83B4-02FA292C32D8}.Debug|Any CPU.ActiveCfg = Debug|Any CPU
		{5BB41CC3-183E-4EF7-83B4-02FA292C32D8}.Debug|Any CPU.Build.0 = Debug|Any CPU
		{5BB41CC3-183E-4EF7-83B4-02FA292C32D8}.Release|Any CPU.ActiveCfg = Release|Any CPU
		{5BB41CC3-183E-4EF7-83B4-02FA292C32D8}.Release|Any CPU.Build.0 = Release|Any CPU
		{DD945862-1F23-4A0B-A13A-2A23A808D1A9}.Debug|Any CPU.ActiveCfg = Debug|Any CPU
		{DD945862-1F23-4A0B-A13A-2A23A808D1A9}.Debug|Any CPU.Build.0 = Debug|Any CPU
		{DD945862-1F23-4A0B-A13A-2A23A808D1A9}.Release|Any CPU.ActiveCfg = Release|Any CPU
		{DD945862-1F23-4A0B-A13A-2A23A808D1A9}.Release|Any CPU.Build.0 = Release|Any CPU
	EndGlobalSection
	GlobalSection(SolutionProperties) = preSolution
		HideSolutionNode = FALSE
	EndGlobalSection
	GlobalSection(ExtensibilityGlobals) = postSolution
		SolutionGuid = {BF76F023-DD34-483E-8F4A-4FD3F95D9315}
	EndGlobalSection
EndGlobal
